// !$*UTF8*$!
{
	archiveVersion = 1;
	classes = {
	};
	objectVersion = 46;
	objects = {

/* Begin PBXBuildFile section */
		3E393441158AD9DF00D087D2 /* Step1ViewController.m in Sources */ = {isa = PBXBuildFile; fileRef = 3E39343F158AD9DF00D087D2 /* Step1ViewController.m */; };
		3E393442158AD9DF00D087D2 /* Step1ViewController.xib in Resources */ = {isa = PBXBuildFile; fileRef = 3E393440158AD9DF00D087D2 /* Step1ViewController.xib */; };
		3E393446158ADDE700D087D2 /* AboutViewController.m in Sources */ = {isa = PBXBuildFile; fileRef = 3E393444158ADDE700D087D2 /* AboutViewController.m */; };
		3E393447158ADDE700D087D2 /* AboutViewController.xib in Resources */ = {isa = PBXBuildFile; fileRef = 3E393445158ADDE700D087D2 /* AboutViewController.xib */; };
		3EA7376115821FC5006B87A8 /* UIKit.framework in Frameworks */ = {isa = PBXBuildFile; fileRef = 3EA7376015821FC5006B87A8 /* UIKit.framework */; };
		3EA7376315821FC5006B87A8 /* Foundation.framework in Frameworks */ = {isa = PBXBuildFile; fileRef = 3EA7376215821FC5006B87A8 /* Foundation.framework */; };
		3EA7376515821FC5006B87A8 /* CoreGraphics.framework in Frameworks */ = {isa = PBXBuildFile; fileRef = 3EA7376415821FC5006B87A8 /* CoreGraphics.framework */; };
		3EA7376B15821FC5006B87A8 /* InfoPlist.strings in Resources */ = {isa = PBXBuildFile; fileRef = 3EA7376915821FC5006B87A8 /* InfoPlist.strings */; };
		3EA7376D15821FC5006B87A8 /* main.m in Sources */ = {isa = PBXBuildFile; fileRef = 3EA7376C15821FC5006B87A8 /* main.m */; };
		3EA7377115821FC5006B87A8 /* AppDelegate.m in Sources */ = {isa = PBXBuildFile; fileRef = 3EA7377015821FC5006B87A8 /* AppDelegate.m */; };
		3EA7377415821FC5006B87A8 /* ViewController.m in Sources */ = {isa = PBXBuildFile; fileRef = 3EA7377315821FC5006B87A8 /* ViewController.m */; };
		3EA7377715821FC5006B87A8 /* ViewController.xib in Resources */ = {isa = PBXBuildFile; fileRef = 3EA7377515821FC5006B87A8 /* ViewController.xib */; };
/* End PBXBuildFile section */

/* Begin PBXFileReference section */
		3E39343E158AD9DF00D087D2 /* Step1ViewController.h */ = {isa = PBXFileReference; fileEncoding = 4; lastKnownFileType = sourcecode.c.h; path = Step1ViewController.h; sourceTree = "<group>"; };
		3E39343F158AD9DF00D087D2 /* Step1ViewController.m */ = {isa = PBXFileReference; fileEncoding = 4; lastKnownFileType = sourcecode.c.objc; path = Step1ViewController.m; sourceTree = "<group>"; };
		3E393440158AD9DF00D087D2 /* Step1ViewController.xib */ = {isa = PBXFileReference; fileEncoding = 4; lastKnownFileType = file.xib; path = Step1ViewController.xib; sourceTree = "<group>"; };
		3E393443158ADDE600D087D2 /* AboutViewController.h */ = {isa = PBXFileReference; fileEncoding = 4; lastKnownFileType = sourcecode.c.h; path = AboutViewController.h; sourceTree = "<group>"; };
		3E393444158ADDE700D087D2 /* AboutViewController.m */ = {isa = PBXFileReference; fileEncoding = 4; lastKnownFileType = sourcecode.c.objc; path = AboutViewController.m; sourceTree = "<group>"; };
		3E393445158ADDE700D087D2 /* AboutViewController.xib */ = {isa = PBXFileReference; fileEncoding = 4; lastKnownFileType = file.xib; path = AboutViewController.xib; sourceTree = "<group>"; };
		3EA7375C15821FC5006B87A8 /* NavigationDemo.app */ = {isa = PBXFileReference; explicitFileType = wrapper.application; includeInIndex = 0; path = NavigationDemo.app; sourceTree = BUILT_PRODUCTS_DIR; };
		3EA7376015821FC5006B87A8 /* UIKit.framework */ = {isa = PBXFileReference; lastKnownFileType = wrapper.framework; name = UIKit.framework; path = System/Library/Frameworks/UIKit.framework; sourceTree = SDKROOT; };
		3EA7376215821FC5006B87A8 /* Foundation.framework */ = {isa = PBXFileReference; lastKnownFileType = wrapper.framework; name = Foundation.framework; path = System/Library/Frameworks/Foundation.framework; sourceTree = SDKROOT; };
		3EA7376415821FC5006B87A8 /* CoreGraphics.framework */ = {isa = PBXFileReference; lastKnownFileType = wrapper.framework; name = CoreGraphics.framework; path = System/Library/Frameworks/CoreGraphics.framework; sourceTree = SDKROOT; };
		3EA7376815821FC5006B87A8 /* NavigationDemo-Info.plist */ = {isa = PBXFileReference; lastKnownFileType = text.plist.xml; path = "NavigationDemo-Info.plist"; sourceTree = "<group>"; };
		3EA7376A15821FC5006B87A8 /* en */ = {isa = PBXFileReference; lastKnownFileType = text.plist.strings; name = en; path = en.lproj/InfoPlist.strings; sourceTree = "<group>"; };
		3EA7376C15821FC5006B87A8 /* main.m */ = {isa = PBXFileReference; lastKnownFileType = sourcecode.c.objc; path = main.m; sourceTree = "<group>"; };
		3EA7376E15821FC5006B87A8 /* NavigationDemo-Prefix.pch */ = {isa = PBXFileReference; lastKnownFileType = sourcecode.c.h; path = "NavigationDemo-Prefix.pch"; sourceTree = "<group>"; };
		3EA7376F15821FC5006B87A8 /* AppDelegate.h */ = {isa = PBXFileReference; lastKnownFileType = sourcecode.c.h; path = AppDelegate.h; sourceTree = "<group>"; };
		3EA7377015821FC5006B87A8 /* AppDelegate.m */ = {isa = PBXFileReference; lastKnownFileType = sourcecode.c.objc; path = AppDelegate.m; sourceTree = "<group>"; };
		3EA7377215821FC5006B87A8 /* ViewController.h */ = {isa = PBXFileReference; lastKnownFileType = sourcecode.c.h; path = ViewController.h; sourceTree = "<group>"; };
		3EA7377315821FC5006B87A8 /* ViewController.m */ = {isa = PBXFileReference; lastKnownFileType = sourcecode.c.objc; path = ViewController.m; sourceTree = "<group>"; };
		3EA7377615821FC5006B87A8 /* en */ = {isa = PBXFileReference; lastKnownFileType = file.xib; name = en; path = en.lproj/ViewController.xib; sourceTree = "<group>"; };
/* End PBXFileReference section */

/* Begin PBXFrameworksBuildPhase section */
		3EA7375915821FC5006B87A8 /* Frameworks */ = {
			isa = PBXFrameworksBuildPhase;
			buildActionMask = 2147483647;
			files = (
				3EA7376115821FC5006B87A8 /* UIKit.framework in Frameworks */,
				3EA7376315821FC5006B87A8 /* Foundation.framework in Frameworks */,
				3EA7376515821FC5006B87A8 /* CoreGraphics.framework in Frameworks */,
			);
			runOnlyForDeploymentPostprocessing = 0;
		};
/* End PBXFrameworksBuildPhase section */

/* Begin PBXGroup section */
		3EA7375115821FC5006B87A8 = {
			isa = PBXGroup;
			children = (
				3EA7376615821FC5006B87A8 /* TableViewDemo */,
				3EA7375F15821FC5006B87A8 /* Frameworks */,
				3EA7375D15821FC5006B87A8 /* Products */,
			);
			sourceTree = "<group>";
		};
		3EA7375D15821FC5006B87A8 /* Products */ = {
			isa = PBXGroup;
			children = (
				3EA7375C15821FC5006B87A8 /* NavigationDemo.app */,
			);
			name = Products;
			sourceTree = "<group>";
		};
		3EA7375F15821FC5006B87A8 /* Frameworks */ = {
			isa = PBXGroup;
			children = (
				3EA7376015821FC5006B87A8 /* UIKit.framework */,
				3EA7376215821FC5006B87A8 /* Foundation.framework */,
				3EA7376415821FC5006B87A8 /* CoreGraphics.framework */,
			);
			name = Frameworks;
			sourceTree = "<group>";
		};
		3EA7376615821FC5006B87A8 /* TableViewDemo */ = {
			isa = PBXGroup;
			children = (
				3EA7376F15821FC5006B87A8 /* AppDelegate.h */,
				3EA7377015821FC5006B87A8 /* AppDelegate.m */,
				3EA7377215821FC5006B87A8 /* ViewController.h */,
				3EA7377315821FC5006B87A8 /* ViewController.m */,
				3E39343E158AD9DF00D087D2 /* Step1ViewController.h */,
				3E39343F158AD9DF00D087D2 /* Step1ViewController.m */,
				3E393440158AD9DF00D087D2 /* Step1ViewController.xib */,
				3E393443158ADDE600D087D2 /* AboutViewController.h */,
				3E393444158ADDE700D087D2 /* AboutViewController.m */,
				3E393445158ADDE700D087D2 /* AboutViewController.xib */,
				3EA7377515821FC5006B87A8 /* ViewController.xib */,
				3EA7376715821FC5006B87A8 /* Supporting Files */,
			);
			path = TableViewDemo;
			sourceTree = "<group>";
		};
		3EA7376715821FC5006B87A8 /* Supporting Files */ = {
			isa = PBXGroup;
			children = (
				3EA7376815821FC5006B87A8 /* NavigationDemo-Info.plist */,
				3EA7376915821FC5006B87A8 /* InfoPlist.strings */,
				3EA7376C15821FC5006B87A8 /* main.m */,
				3EA7376E15821FC5006B87A8 /* NavigationDemo-Prefix.pch */,
			);
			name = "Supporting Files";
			sourceTree = "<group>";
		};
/* End PBXGroup section */

/* Begin PBXNativeTarget section */
		3EA7375B15821FC5006B87A8 /* NavigationDemo */ = {
			isa = PBXNativeTarget;
			buildConfigurationList = 3EA7377A15821FC5006B87A8 /* Build configuration list for PBXNativeTarget "NavigationDemo" */;
			buildPhases = (
				3EA7375815821FC5006B87A8 /* Sources */,
				3EA7375915821FC5006B87A8 /* Frameworks */,
				3EA7375A15821FC5006B87A8 /* Resources */,
			);
			buildRules = (
			);
			dependencies = (
			);
			name = NavigationDemo;
			productName = TableViewDemo;
			productReference = 3EA7375C15821FC5006B87A8 /* NavigationDemo.app */;
			productType = "com.apple.product-type.application";
		};
/* End PBXNativeTarget section */

/* Begin PBXProject section */
		3EA7375315821FC5006B87A8 /* Project object */ = {
			isa = PBXProject;
			attributes = {
				LastUpgradeCheck = 0430;
			};
			buildConfigurationList = 3EA7375615821FC5006B87A8 /* Build configuration list for PBXProject "NavigationDemo" */;
			compatibilityVersion = "Xcode 3.2";
			developmentRegion = English;
			hasScannedForEncodings = 0;
			knownRegions = (
				en,
			);
			mainGroup = 3EA7375115821FC5006B87A8;
			productRefGroup = 3EA7375D15821FC5006B87A8 /* Products */;
			projectDirPath = "";
			projectRoot = "";
			targets = (
				3EA7375B15821FC5006B87A8 /* NavigationDemo */,
			);
		};
/* End PBXProject section */

/* Begin PBXResourcesBuildPhase section */
		3EA7375A15821FC5006B87A8 /* Resources */ = {
			isa = PBXResourcesBuildPhase;
			buildActionMask = 2147483647;
			files = (
				3EA7376B15821FC5006B87A8 /* InfoPlist.strings in Resources */,
				3EA7377715821FC5006B87A8 /* ViewController.xib in Resources */,
				3E393442158AD9DF00D087D2 /* Step1ViewController.xib in Resources */,
				3E393447158ADDE700D087D2 /* AboutViewController.xib in Resources */,
			);
			runOnlyForDeploymentPostprocessing = 0;
		};
/* End PBXResourcesBuildPhase section */

/* Begin PBXSourcesBuildPhase section */
		3EA7375815821FC5006B87A8 /* Sources */ = {
			isa = PBXSourcesBuildPhase;
			buildActionMask = 2147483647;
			files = (
				3EA7376D15821FC5006B87A8 /* main.m in Sources */,
				3EA7377115821FC5006B87A8 /* AppDelegate.m in Sources */,
				3EA7377415821FC5006B87A8 /* ViewController.m in Sources */,
				3E393441158AD9DF00D087D2 /* Step1ViewController.m in Sources */,
				3E393446158ADDE700D087D2 /* AboutViewController.m in Sources */,
			);
			runOnlyForDeploymentPostprocessing = 0;
		};
/* End PBXSourcesBuildPhase section */

/* Begin PBXVariantGroup section */
		3EA7376915821FC5006B87A8 /* InfoPlist.strings */ = {
			isa = PBXVariantGroup;
			children = (
				3EA7376A15821FC5006B87A8 /* en */,
			);
			name = InfoPlist.strings;
			sourceTree = "<group>";
		};
		3EA7377515821FC5006B87A8 /* ViewController.xib */ = {
			isa = PBXVariantGroup;
			children = (
				3EA7377615821FC5006B87A8 /* en */,
			);
			name = ViewController.xib;
			sourceTree = "<group>";
		};
/* End PBXVariantGroup section */

/* Begin XCBuildConfiguration section */
		3EA7377815821FC5006B87A8 /* Debug */ = {
			isa = XCBuildConfiguration;
			buildSettings = {
				ALWAYS_SEARCH_USER_PATHS = NO;
				ARCHS = "$(ARCHS_STANDARD_32_BIT)";
				"CODE_SIGN_IDENTITY[sdk=iphoneos*]" = "iPhone Developer";
				COPY_PHASE_STRIP = NO;
				GCC_C_LANGUAGE_STANDARD = gnu99;
				GCC_DYNAMIC_NO_PIC = NO;
				GCC_OPTIMIZATION_LEVEL = 0;
				GCC_PREPROCESSOR_DEFINITIONS = (
					"DEBUG=1",
					"$(inherited)",
				);
				GCC_SYMBOLS_PRIVATE_EXTERN = NO;
				GCC_VERSION = com.apple.compilers.llvm.clang.1_0;
				GCC_WARN_ABOUT_RETURN_TYPE = YES;
				GCC_WARN_UNINITIALIZED_AUTOS = YES;
				GCC_WARN_UNUSED_VARIABLE = YES;
				IPHONEOS_DEPLOYMENT_TARGET = 5.1;
				SDKROOT = iphoneos;
			};
			name = Debug;
		};
		3EA7377915821FC5006B87A8 /* Release */ = {
			isa = XCBuildConfiguration;
			buildSettings = {
				ALWAYS_SEARCH_USER_PATHS = NO;
				ARCHS = "$(ARCHS_STANDARD_32_BIT)";
				"CODE_SIGN_IDENTITY[sdk=iphoneos*]" = "iPhone Developer";
				COPY_PHASE_STRIP = YES;
				GCC_C_LANGUAGE_STANDARD = gnu99;
				GCC_VERSION = com.apple.compilers.llvm.clang.1_0;
				GCC_WARN_ABOUT_RETURN_TYPE = YES;
				GCC_WARN_UNINITIALIZED_AUTOS = YES;
				GCC_WARN_UNUSED_VARIABLE = YES;
				IPHONEOS_DEPLOYMENT_TARGET = 5.1;
				OTHER_CFLAGS = "-DNS_BLOCK_ASSERTIONS=1";
				SDKROOT = iphoneos;
				VALIDATE_PRODUCT = YES;
			};
			name = Release;
		};
		3EA7377B15821FC5006B87A8 /* Debug */ = {
			isa = XCBuildConfiguration;
			buildSettings = {
				CLANG_ENABLE_OBJC_ARC = YES;
				GCC_PRECOMPILE_PREFIX_HEADER = YES;
				GCC_PREFIX_HEADER = "TableViewDemo/NavigationDemo-Prefix.pch";
				INFOPLIST_FILE = "TableViewDemo/NavigationDemo-Info.plist";
				PRODUCT_NAME = NavigationDemo;
				WRAPPER_EXTENSION = app;
			};
			name = Debug;
		};
		3EA7377C15821FC5006B87A8 /* Release */ = {
			isa = XCBuildConfiguration;
			buildSettings = {
				CLANG_ENABLE_OBJC_ARC = YES;
				GCC_PRECOMPILE_PREFIX_HEADER = YES;
				GCC_PREFIX_HEADER = "TableViewDemo/NavigationDemo-Prefix.pch";
				INFOPLIST_FILE = "TableViewDemo/NavigationDemo-Info.plist";
				PRODUCT_NAME = NavigationDemo;
				WRAPPER_EXTENSION = app;
			};
			name = Release;
		};
/* End XCBuildConfiguration section */

/* Begin XCConfigurationList section */
		3EA7375615821FC5006B87A8 /* Build configuration list for PBXProject "NavigationDemo" */ = {
			isa = XCConfigurationList;
			buildConfigurations = (
				3EA7377815821FC5006B87A8 /* Debug */,
				3EA7377915821FC5006B87A8 /* Release */,
			);
			defaultConfigurationIsVisible = 0;
			defaultConfigurationName = Release;
		};
		3EA7377A15821FC5006B87A8 /* Build configuration list for PBXNativeTarget "NavigationDemo" */ = {
			isa = XCConfigurationList;
			buildConfigurations = (
				3EA7377B15821FC5006B87A8 /* Debug */,
				3EA7377C15821FC5006B87A8 /* Release */,
			);
			defaultConfigurationIsVisible = 0;
			defaultConfigurationName = Release;
		};
/* End XCConfigurationList section */
	};
	rootObject = 3EA7375315821FC5006B87A8 /* Project object */;
}
